
Microsoft Visual Studio Solution File, Format Version 11.00
# Visual Studio 2010
Project("{FAE04EC0-301F-11D3-BF4B-00C04F79EFBC}") = "cliente DHCP", "cliente DHCP\cliente DHCP.csproj", "{E16468DE-4289-4B51-AF63-581B5DCC1BEA}"
EndProject
Global
	GlobalSection(SolutionConfigurationPlatforms) = preSolution
		Debug|x86 = Debug|x86
		Release|x86 = Release|x86
	EndGlobalSection
	GlobalSection(ProjectConfigurationPlatforms) = postSolution
		{E16468DE-4289-4B51-AF63-581B5DCC1BEA}.Debug|x86.ActiveCfg = Debug|x86
		{E16468DE-4289-4B51-AF63-581B5DCC1BEA}.Debug|x86.Build.0 = Debug|x86
		{E16468DE-4289-4B51-AF63-581B5DCC1BEA}.Release|x86.ActiveCfg = Release|x86
		{E16468DE-4289-4B51-AF63-581B5DCC1BEA}.Release|x86.Build.0 = Release|x86
	EndGlobalSection
	GlobalSection(SolutionProperties) = preSolution
		HideSolutionNode = FALSE
	EndGlobalSection
EndGlobal
